
Microsoft Visual Studio Solution File, Format Version 12.00
# Visual Studio Version 16
VisualStudioVersion = 16.0.36107.64
MinimumVisualStudioVersion = 10.0.40219.1
Project("{FAE04EC0-301F-11D3-BF4B-00C04F79EFBC}") = "ContructorWithProperty", "ContructorWithProperty.csproj", "{75B080D8-BE72-48CD-823F-BAA69A5A4C20}"
EndProject
Global
	GlobalSection(SolutionConfigurationPlatforms) = preSolution
		Debug|Any CPU = Debug|Any CPU
		Release|Any CPU = Release|Any CPU
	EndGlobalSection
	GlobalSection(ProjectConfigurationPlatforms) = postSolution
		{75B080D8-BE72-48CD-823F-BAA69A5A4C20}.Debug|Any CPU.ActiveCfg = Debug|Any CPU
		{75B080D8-BE72-48CD-823F-BAA69A5A4C20}.Debug|Any CPU.Build.0 = Debug|Any CPU
		{75B080D8-BE72-48CD-823F-BAA69A5A4C20}.Release|Any CPU.ActiveCfg = Release|Any CPU
		{75B080D8-BE72-48CD-823F-BAA69A5A4C20}.Release|Any CPU.Build.0 = Release|Any CPU
	EndGlobalSection
	GlobalSection(SolutionProperties) = preSolution
		HideSolutionNode = FALSE
	EndGlobalSection
	GlobalSection(ExtensibilityGlobals) = postSolution
		SolutionGuid = {57E5A721-C694-41FF-BA4B-AFB8A810600D}
	EndGlobalSection
EndGlobal
