
Microsoft Visual Studio Solution File, Format Version 12.00
# Visual Studio Version 16
VisualStudioVersion = 16.0.36107.64
MinimumVisualStudioVersion = 10.0.40219.1
Project("{FAE04EC0-301F-11D3-BF4B-00C04F79EFBC}") = "ConsoleApp1", "ConsoleApp1.csproj", "{108E50EF-6067-4E8D-B594-55F7E305905A}"
EndProject
Global
	GlobalSection(SolutionConfigurationPlatforms) = preSolution
		Debug|Any CPU = Debug|Any CPU
		Release|Any CPU = Release|Any CPU
	EndGlobalSection
	GlobalSection(ProjectConfigurationPlatforms) = postSolution
		{108E50EF-6067-4E8D-B594-55F7E305905A}.Debug|Any CPU.ActiveCfg = Debug|Any CPU
		{108E50EF-6067-4E8D-B594-55F7E305905A}.Debug|Any CPU.Build.0 = Debug|Any CPU
		{108E50EF-6067-4E8D-B594-55F7E305905A}.Release|Any CPU.ActiveCfg = Release|Any CPU
		{108E50EF-6067-4E8D-B594-55F7E305905A}.Release|Any CPU.Build.0 = Release|Any CPU
	EndGlobalSection
	GlobalSection(SolutionProperties) = preSolution
		HideSolutionNode = FALSE
	EndGlobalSection
	GlobalSection(ExtensibilityGlobals) = postSolution
		SolutionGuid = {701713F8-781F-4971-AB2D-069007B273DD}
	EndGlobalSection
EndGlobal
