
Microsoft Visual Studio Solution File, Format Version 12.00
# Visual Studio Version 16
VisualStudioVersion = 16.0.36107.64
MinimumVisualStudioVersion = 10.0.40219.1
Project("{FAE04EC0-301F-11D3-BF4B-00C04F79EFBC}") = "EventTest", "EventTest.csproj", "{D42360A8-6839-4AC2-A7D6-A85C14B0409E}"
EndProject
Global
	GlobalSection(SolutionConfigurationPlatforms) = preSolution
		Debug|Any CPU = Debug|Any CPU
		Release|Any CPU = Release|Any CPU
	EndGlobalSection
	GlobalSection(ProjectConfigurationPlatforms) = postSolution
		{D42360A8-6839-4AC2-A7D6-A85C14B0409E}.Debug|Any CPU.ActiveCfg = Debug|Any CPU
		{D42360A8-6839-4AC2-A7D6-A85C14B0409E}.Debug|Any CPU.Build.0 = Debug|Any CPU
		{D42360A8-6839-4AC2-A7D6-A85C14B0409E}.Release|Any CPU.ActiveCfg = Release|Any CPU
		{D42360A8-6839-4AC2-A7D6-A85C14B0409E}.Release|Any CPU.Build.0 = Release|Any CPU
	EndGlobalSection
	GlobalSection(SolutionProperties) = preSolution
		HideSolutionNode = FALSE
	EndGlobalSection
	GlobalSection(ExtensibilityGlobals) = postSolution
		SolutionGuid = {AB8116C1-880C-4DF5-A135-BED3D71EE2B7}
	EndGlobalSection
EndGlobal
