
Microsoft Visual Studio Solution File, Format Version 12.00
# Visual Studio Version 16
VisualStudioVersion = 16.0.36107.64
MinimumVisualStudioVersion = 10.0.40219.1
Project("{FAE04EC0-301F-11D3-BF4B-00C04F79EFBC}") = "UsingDeclaration", "UsingDeclaration.csproj", "{D54FA175-BF8B-4F9C-A16E-5BFAEDD9B896}"
EndProject
Global
	GlobalSection(SolutionConfigurationPlatforms) = preSolution
		Debug|Any CPU = Debug|Any CPU
		Release|Any CPU = Release|Any CPU
	EndGlobalSection
	GlobalSection(ProjectConfigurationPlatforms) = postSolution
		{D54FA175-BF8B-4F9C-A16E-5BFAEDD9B896}.Debug|Any CPU.ActiveCfg = Debug|Any CPU
		{D54FA175-BF8B-4F9C-A16E-5BFAEDD9B896}.Debug|Any CPU.Build.0 = Debug|Any CPU
		{D54FA175-BF8B-4F9C-A16E-5BFAEDD9B896}.Release|Any CPU.ActiveCfg = Release|Any CPU
		{D54FA175-BF8B-4F9C-A16E-5BFAEDD9B896}.Release|Any CPU.Build.0 = Release|Any CPU
	EndGlobalSection
	GlobalSection(SolutionProperties) = preSolution
		HideSolutionNode = FALSE
	EndGlobalSection
	GlobalSection(ExtensibilityGlobals) = postSolution
		SolutionGuid = {9DB77985-89DC-4B94-B5D6-8CA813B69A39}
	EndGlobalSection
EndGlobal
