
Microsoft Visual Studio Solution File, Format Version 12.00
# Visual Studio Version 16
VisualStudioVersion = 16.0.36128.20
MinimumVisualStudioVersion = 10.0.40219.1
Project("{FAE04EC0-301F-11D3-BF4B-00C04F79EFBC}") = "A_TreeView", "A_TreeView.csproj", "{49334C96-B886-4768-AF51-C7A9639EDAF3}"
EndProject
Global
	GlobalSection(SolutionConfigurationPlatforms) = preSolution
		Debug|Any CPU = Debug|Any CPU
		Release|Any CPU = Release|Any CPU
	EndGlobalSection
	GlobalSection(ProjectConfigurationPlatforms) = postSolution
		{49334C96-B886-4768-AF51-C7A9639EDAF3}.Debug|Any CPU.ActiveCfg = Debug|Any CPU
		{49334C96-B886-4768-AF51-C7A9639EDAF3}.Debug|Any CPU.Build.0 = Debug|Any CPU
		{49334C96-B886-4768-AF51-C7A9639EDAF3}.Release|Any CPU.ActiveCfg = Release|Any CPU
		{49334C96-B886-4768-AF51-C7A9639EDAF3}.Release|Any CPU.Build.0 = Release|Any CPU
	EndGlobalSection
	GlobalSection(SolutionProperties) = preSolution
		HideSolutionNode = FALSE
	EndGlobalSection
	GlobalSection(ExtensibilityGlobals) = postSolution
		SolutionGuid = {A664AC29-6440-4581-BC1E-52E0D5D148D1}
	EndGlobalSection
EndGlobal
