
Microsoft Visual Studio Solution File, Format Version 12.00
# Visual Studio Version 16
VisualStudioVersion = 16.0.36107.64
MinimumVisualStudioVersion = 10.0.40219.1
Project("{FAE04EC0-301F-11D3-BF4B-00C04F79EFBC}") = "UsingGenericQueue", "UsingGenericQueue.csproj", "{00050253-70DF-4C32-8EFD-C53CB061FBF7}"
EndProject
Global
	GlobalSection(SolutionConfigurationPlatforms) = preSolution
		Debug|Any CPU = Debug|Any CPU
		Release|Any CPU = Release|Any CPU
	EndGlobalSection
	GlobalSection(ProjectConfigurationPlatforms) = postSolution
		{00050253-70DF-4C32-8EFD-C53CB061FBF7}.Debug|Any CPU.ActiveCfg = Debug|Any CPU
		{00050253-70DF-4C32-8EFD-C53CB061FBF7}.Debug|Any CPU.Build.0 = Debug|Any CPU
		{00050253-70DF-4C32-8EFD-C53CB061FBF7}.Release|Any CPU.ActiveCfg = Release|Any CPU
		{00050253-70DF-4C32-8EFD-C53CB061FBF7}.Release|Any CPU.Build.0 = Release|Any CPU
	EndGlobalSection
	GlobalSection(SolutionProperties) = preSolution
		HideSolutionNode = FALSE
	EndGlobalSection
	GlobalSection(ExtensibilityGlobals) = postSolution
		SolutionGuid = {8DDE1B59-A867-46D2-A571-426D03063A4A}
	EndGlobalSection
EndGlobal
