
Microsoft Visual Studio Solution File, Format Version 12.00
# Visual Studio Version 16
VisualStudioVersion = 16.0.36128.20
MinimumVisualStudioVersion = 10.0.40219.1
Project("{FAE04EC0-301F-11D3-BF4B-00C04F79EFBC}") = "A_GraphicsProgram", "A_GraphicsProgram.csproj", "{3FC6DFA1-FBAB-4919-B61E-37C1EC25B914}"
EndProject
Global
	GlobalSection(SolutionConfigurationPlatforms) = preSolution
		Debug|Any CPU = Debug|Any CPU
		Release|Any CPU = Release|Any CPU
	EndGlobalSection
	GlobalSection(ProjectConfigurationPlatforms) = postSolution
		{3FC6DFA1-FBAB-4919-B61E-37C1EC25B914}.Debug|Any CPU.ActiveCfg = Debug|Any CPU
		{3FC6DFA1-FBAB-4919-B61E-37C1EC25B914}.Debug|Any CPU.Build.0 = Debug|Any CPU
		{3FC6DFA1-FBAB-4919-B61E-37C1EC25B914}.Release|Any CPU.ActiveCfg = Release|Any CPU
		{3FC6DFA1-FBAB-4919-B61E-37C1EC25B914}.Release|Any CPU.Build.0 = Release|Any CPU
	EndGlobalSection
	GlobalSection(SolutionProperties) = preSolution
		HideSolutionNode = FALSE
	EndGlobalSection
	GlobalSection(ExtensibilityGlobals) = postSolution
		SolutionGuid = {2632A55A-22A5-4A7F-BAD6-22CADEE620FA}
	EndGlobalSection
EndGlobal
