
Microsoft Visual Studio Solution File, Format Version 12.00
# Visual Studio Version 16
VisualStudioVersion = 16.0.36128.20
MinimumVisualStudioVersion = 10.0.40219.1
Project("{FAE04EC0-301F-11D3-BF4B-00C04F79EFBC}") = "A_ScoreCalc", "A_ScoreCalc.csproj", "{550463E1-A92E-40AC-BA72-62AB92EEDCBE}"
EndProject
Global
	GlobalSection(SolutionConfigurationPlatforms) = preSolution
		Debug|Any CPU = Debug|Any CPU
		Release|Any CPU = Release|Any CPU
	EndGlobalSection
	GlobalSection(ProjectConfigurationPlatforms) = postSolution
		{550463E1-A92E-40AC-BA72-62AB92EEDCBE}.Debug|Any CPU.ActiveCfg = Debug|Any CPU
		{550463E1-A92E-40AC-BA72-62AB92EEDCBE}.Debug|Any CPU.Build.0 = Debug|Any CPU
		{550463E1-A92E-40AC-BA72-62AB92EEDCBE}.Release|Any CPU.ActiveCfg = Release|Any CPU
		{550463E1-A92E-40AC-BA72-62AB92EEDCBE}.Release|Any CPU.Build.0 = Release|Any CPU
	EndGlobalSection
	GlobalSection(SolutionProperties) = preSolution
		HideSolutionNode = FALSE
	EndGlobalSection
	GlobalSection(ExtensibilityGlobals) = postSolution
		SolutionGuid = {BA00A1EB-4B36-4852-B492-FCB95517894C}
	EndGlobalSection
EndGlobal
