
Microsoft Visual Studio Solution File, Format Version 12.00
# Visual Studio Version 16
VisualStudioVersion = 16.0.36107.64
MinimumVisualStudioVersion = 10.0.40219.1
Project("{FAE04EC0-301F-11D3-BF4B-00C04F79EFBC}") = "CopyingArray", "CopyingArray.csproj", "{6FCCD892-6E8C-4807-9695-34CA7ACF914C}"
EndProject
Global
	GlobalSection(SolutionConfigurationPlatforms) = preSolution
		Debug|Any CPU = Debug|Any CPU
		Release|Any CPU = Release|Any CPU
	EndGlobalSection
	GlobalSection(ProjectConfigurationPlatforms) = postSolution
		{6FCCD892-6E8C-4807-9695-34CA7ACF914C}.Debug|Any CPU.ActiveCfg = Debug|Any CPU
		{6FCCD892-6E8C-4807-9695-34CA7ACF914C}.Debug|Any CPU.Build.0 = Debug|Any CPU
		{6FCCD892-6E8C-4807-9695-34CA7ACF914C}.Release|Any CPU.ActiveCfg = Release|Any CPU
		{6FCCD892-6E8C-4807-9695-34CA7ACF914C}.Release|Any CPU.Build.0 = Release|Any CPU
	EndGlobalSection
	GlobalSection(SolutionProperties) = preSolution
		HideSolutionNode = FALSE
	EndGlobalSection
	GlobalSection(ExtensibilityGlobals) = postSolution
		SolutionGuid = {6D184D84-9EF2-4F1D-AD01-5D724E06D47F}
	EndGlobalSection
EndGlobal
