
Microsoft Visual Studio Solution File, Format Version 12.00
# Visual Studio Version 16
VisualStudioVersion = 16.0.35931.194
MinimumVisualStudioVersion = 10.0.40219.1
Project("{FAE04EC0-301F-11D3-BF4B-00C04F79EFBC}") = "FloatingPoint", "FloatingPoint.csproj", "{35F1A371-D0C6-4673-BA2A-FE2A66F074C8}"
EndProject
Global
	GlobalSection(SolutionConfigurationPlatforms) = preSolution
		Debug|Any CPU = Debug|Any CPU
		Release|Any CPU = Release|Any CPU
	EndGlobalSection
	GlobalSection(ProjectConfigurationPlatforms) = postSolution
		{35F1A371-D0C6-4673-BA2A-FE2A66F074C8}.Debug|Any CPU.ActiveCfg = Debug|Any CPU
		{35F1A371-D0C6-4673-BA2A-FE2A66F074C8}.Debug|Any CPU.Build.0 = Debug|Any CPU
		{35F1A371-D0C6-4673-BA2A-FE2A66F074C8}.Release|Any CPU.ActiveCfg = Release|Any CPU
		{35F1A371-D0C6-4673-BA2A-FE2A66F074C8}.Release|Any CPU.Build.0 = Release|Any CPU
	EndGlobalSection
	GlobalSection(SolutionProperties) = preSolution
		HideSolutionNode = FALSE
	EndGlobalSection
	GlobalSection(ExtensibilityGlobals) = postSolution
		SolutionGuid = {F5B2FA01-E8CF-4925-8CF0-69B8E3DE26AE}
	EndGlobalSection
EndGlobal
