
Microsoft Visual Studio Solution File, Format Version 12.00
# Visual Studio Version 16
VisualStudioVersion = 16.0.36107.64
MinimumVisualStudioVersion = 10.0.40219.1
Project("{FAE04EC0-301F-11D3-BF4B-00C04F79EFBC}") = "SimpleLinq", "SimpleLinq.csproj", "{5B8D5FF3-3BC1-451D-BEC9-75CA35EF0801}"
EndProject
Global
	GlobalSection(SolutionConfigurationPlatforms) = preSolution
		Debug|Any CPU = Debug|Any CPU
		Release|Any CPU = Release|Any CPU
	EndGlobalSection
	GlobalSection(ProjectConfigurationPlatforms) = postSolution
		{5B8D5FF3-3BC1-451D-BEC9-75CA35EF0801}.Debug|Any CPU.ActiveCfg = Debug|Any CPU
		{5B8D5FF3-3BC1-451D-BEC9-75CA35EF0801}.Debug|Any CPU.Build.0 = Debug|Any CPU
		{5B8D5FF3-3BC1-451D-BEC9-75CA35EF0801}.Release|Any CPU.ActiveCfg = Release|Any CPU
		{5B8D5FF3-3BC1-451D-BEC9-75CA35EF0801}.Release|Any CPU.Build.0 = Release|Any CPU
	EndGlobalSection
	GlobalSection(SolutionProperties) = preSolution
		HideSolutionNode = FALSE
	EndGlobalSection
	GlobalSection(ExtensibilityGlobals) = postSolution
		SolutionGuid = {B80F72C9-20C0-4720-8378-90358C445E0B}
	EndGlobalSection
EndGlobal
