
Microsoft Visual Studio Solution File, Format Version 12.00
# Visual Studio Version 16
VisualStudioVersion = 16.0.35931.194
MinimumVisualStudioVersion = 10.0.40219.1
Project("{FAE04EC0-301F-11D3-BF4B-00C04F79EFBC}") = "UsingParams", "UsingParams.csproj", "{799CE917-DCA4-4542-AA05-458C2A19F077}"
EndProject
Global
	GlobalSection(SolutionConfigurationPlatforms) = preSolution
		Debug|Any CPU = Debug|Any CPU
		Release|Any CPU = Release|Any CPU
	EndGlobalSection
	GlobalSection(ProjectConfigurationPlatforms) = postSolution
		{799CE917-DCA4-4542-AA05-458C2A19F077}.Debug|Any CPU.ActiveCfg = Debug|Any CPU
		{799CE917-DCA4-4542-AA05-458C2A19F077}.Debug|Any CPU.Build.0 = Debug|Any CPU
		{799CE917-DCA4-4542-AA05-458C2A19F077}.Release|Any CPU.ActiveCfg = Release|Any CPU
		{799CE917-DCA4-4542-AA05-458C2A19F077}.Release|Any CPU.Build.0 = Release|Any CPU
	EndGlobalSection
	GlobalSection(SolutionProperties) = preSolution
		HideSolutionNode = FALSE
	EndGlobalSection
	GlobalSection(ExtensibilityGlobals) = postSolution
		SolutionGuid = {6F78DD6B-CD26-4C8A-9117-40DF66827B7C}
	EndGlobalSection
EndGlobal
