
Microsoft Visual Studio Solution File, Format Version 12.00
# Visual Studio Version 16
VisualStudioVersion = 16.0.35931.194
MinimumVisualStudioVersion = 10.0.40219.1
Project("{FAE04EC0-301F-11D3-BF4B-00C04F79EFBC}") = "NestedClass", "NestedClass.csproj", "{1CD58823-30C6-47FB-A6EC-5C86F7083F19}"
EndProject
Global
	GlobalSection(SolutionConfigurationPlatforms) = preSolution
		Debug|Any CPU = Debug|Any CPU
		Release|Any CPU = Release|Any CPU
	EndGlobalSection
	GlobalSection(ProjectConfigurationPlatforms) = postSolution
		{1CD58823-30C6-47FB-A6EC-5C86F7083F19}.Debug|Any CPU.ActiveCfg = Debug|Any CPU
		{1CD58823-30C6-47FB-A6EC-5C86F7083F19}.Debug|Any CPU.Build.0 = Debug|Any CPU
		{1CD58823-30C6-47FB-A6EC-5C86F7083F19}.Release|Any CPU.ActiveCfg = Release|Any CPU
		{1CD58823-30C6-47FB-A6EC-5C86F7083F19}.Release|Any CPU.Build.0 = Release|Any CPU
	EndGlobalSection
	GlobalSection(SolutionProperties) = preSolution
		HideSolutionNode = FALSE
	EndGlobalSection
	GlobalSection(ExtensibilityGlobals) = postSolution
		SolutionGuid = {667E2037-B4B2-463C-80CF-D42D91624104}
	EndGlobalSection
EndGlobal
