
Microsoft Visual Studio Solution File, Format Version 12.00
# Visual Studio Version 16
VisualStudioVersion = 16.0.36107.64
MinimumVisualStudioVersion = 10.0.40219.1
Project("{FAE04EC0-301F-11D3-BF4B-00C04F79EFBC}") = "Serialization", "Serialization.csproj", "{09133E68-EBC0-4D44-8710-799074059954}"
EndProject
Global
	GlobalSection(SolutionConfigurationPlatforms) = preSolution
		Debug|Any CPU = Debug|Any CPU
		Release|Any CPU = Release|Any CPU
	EndGlobalSection
	GlobalSection(ProjectConfigurationPlatforms) = postSolution
		{09133E68-EBC0-4D44-8710-799074059954}.Debug|Any CPU.ActiveCfg = Debug|Any CPU
		{09133E68-EBC0-4D44-8710-799074059954}.Debug|Any CPU.Build.0 = Debug|Any CPU
		{09133E68-EBC0-4D44-8710-799074059954}.Release|Any CPU.ActiveCfg = Release|Any CPU
		{09133E68-EBC0-4D44-8710-799074059954}.Release|Any CPU.Build.0 = Release|Any CPU
	EndGlobalSection
	GlobalSection(SolutionProperties) = preSolution
		HideSolutionNode = FALSE
	EndGlobalSection
	GlobalSection(ExtensibilityGlobals) = postSolution
		SolutionGuid = {601C9B4F-681F-4F6F-99E4-F22A9CF13E69}
	EndGlobalSection
EndGlobal
