
Microsoft Visual Studio Solution File, Format Version 12.00
# Visual Studio Version 16
VisualStudioVersion = 16.0.36107.64
MinimumVisualStudioVersion = 10.0.40219.1
Project("{FAE04EC0-301F-11D3-BF4B-00C04F79EFBC}") = "Yield", "Yield.csproj", "{BE94C12F-CF29-4C16-903D-817140111D33}"
EndProject
Global
	GlobalSection(SolutionConfigurationPlatforms) = preSolution
		Debug|Any CPU = Debug|Any CPU
		Release|Any CPU = Release|Any CPU
	EndGlobalSection
	GlobalSection(ProjectConfigurationPlatforms) = postSolution
		{BE94C12F-CF29-4C16-903D-817140111D33}.Debug|Any CPU.ActiveCfg = Debug|Any CPU
		{BE94C12F-CF29-4C16-903D-817140111D33}.Debug|Any CPU.Build.0 = Debug|Any CPU
		{BE94C12F-CF29-4C16-903D-817140111D33}.Release|Any CPU.ActiveCfg = Release|Any CPU
		{BE94C12F-CF29-4C16-903D-817140111D33}.Release|Any CPU.Build.0 = Release|Any CPU
	EndGlobalSection
	GlobalSection(SolutionProperties) = preSolution
		HideSolutionNode = FALSE
	EndGlobalSection
	GlobalSection(ExtensibilityGlobals) = postSolution
		SolutionGuid = {7AABA776-6EA5-4C7D-8D55-1E3167F5FB93}
	EndGlobalSection
EndGlobal
