
Microsoft Visual Studio Solution File, Format Version 12.00
# Visual Studio Version 16
VisualStudioVersion = 16.0.35931.194
MinimumVisualStudioVersion = 10.0.40219.1
Project("{FAE04EC0-301F-11D3-BF4B-00C04F79EFBC}") = "DoWhile", "DoWhile.csproj", "{C67F8450-F022-4502-99E6-939743DC064C}"
EndProject
Global
	GlobalSection(SolutionConfigurationPlatforms) = preSolution
		Debug|Any CPU = Debug|Any CPU
		Release|Any CPU = Release|Any CPU
	EndGlobalSection
	GlobalSection(ProjectConfigurationPlatforms) = postSolution
		{C67F8450-F022-4502-99E6-939743DC064C}.Debug|Any CPU.ActiveCfg = Debug|Any CPU
		{C67F8450-F022-4502-99E6-939743DC064C}.Debug|Any CPU.Build.0 = Debug|Any CPU
		{C67F8450-F022-4502-99E6-939743DC064C}.Release|Any CPU.ActiveCfg = Release|Any CPU
		{C67F8450-F022-4502-99E6-939743DC064C}.Release|Any CPU.Build.0 = Release|Any CPU
	EndGlobalSection
	GlobalSection(SolutionProperties) = preSolution
		HideSolutionNode = FALSE
	EndGlobalSection
	GlobalSection(ExtensibilityGlobals) = postSolution
		SolutionGuid = {D349EA32-117F-4BD1-A20A-0ADB7DCA8DB2}
	EndGlobalSection
EndGlobal
