
Microsoft Visual Studio Solution File, Format Version 12.00
# Visual Studio Version 16
VisualStudioVersion = 16.0.35931.194
MinimumVisualStudioVersion = 10.0.40219.1
Project("{FAE04EC0-301F-11D3-BF4B-00C04F79EFBC}") = "UsingOut", "UsingOut.csproj", "{23D3A4E8-BD05-4AC9-9291-45BEF579B23D}"
EndProject
Global
	GlobalSection(SolutionConfigurationPlatforms) = preSolution
		Debug|Any CPU = Debug|Any CPU
		Release|Any CPU = Release|Any CPU
	EndGlobalSection
	GlobalSection(ProjectConfigurationPlatforms) = postSolution
		{23D3A4E8-BD05-4AC9-9291-45BEF579B23D}.Debug|Any CPU.ActiveCfg = Debug|Any CPU
		{23D3A4E8-BD05-4AC9-9291-45BEF579B23D}.Debug|Any CPU.Build.0 = Debug|Any CPU
		{23D3A4E8-BD05-4AC9-9291-45BEF579B23D}.Release|Any CPU.ActiveCfg = Release|Any CPU
		{23D3A4E8-BD05-4AC9-9291-45BEF579B23D}.Release|Any CPU.Build.0 = Release|Any CPU
	EndGlobalSection
	GlobalSection(SolutionProperties) = preSolution
		HideSolutionNode = FALSE
	EndGlobalSection
	GlobalSection(ExtensibilityGlobals) = postSolution
		SolutionGuid = {B6F2D0AB-FAE2-4077-BAB5-FA1CBDC3966F}
	EndGlobalSection
EndGlobal
