
Microsoft Visual Studio Solution File, Format Version 12.00
# Visual Studio Version 16
VisualStudioVersion = 16.0.36107.64
MinimumVisualStudioVersion = 10.0.40219.1
Project("{FAE04EC0-301F-11D3-BF4B-00C04F79EFBC}") = "GenericDelegate", "GenericDelegate.csproj", "{190A315C-E71F-4D9D-B0B9-45316E2D5B98}"
EndProject
Global
	GlobalSection(SolutionConfigurationPlatforms) = preSolution
		Debug|Any CPU = Debug|Any CPU
		Release|Any CPU = Release|Any CPU
	EndGlobalSection
	GlobalSection(ProjectConfigurationPlatforms) = postSolution
		{190A315C-E71F-4D9D-B0B9-45316E2D5B98}.Debug|Any CPU.ActiveCfg = Debug|Any CPU
		{190A315C-E71F-4D9D-B0B9-45316E2D5B98}.Debug|Any CPU.Build.0 = Debug|Any CPU
		{190A315C-E71F-4D9D-B0B9-45316E2D5B98}.Release|Any CPU.ActiveCfg = Release|Any CPU
		{190A315C-E71F-4D9D-B0B9-45316E2D5B98}.Release|Any CPU.Build.0 = Release|Any CPU
	EndGlobalSection
	GlobalSection(SolutionProperties) = preSolution
		HideSolutionNode = FALSE
	EndGlobalSection
	GlobalSection(ExtensibilityGlobals) = postSolution
		SolutionGuid = {BC2A6D22-FCE0-4AA9-9CEE-E905CB8730B2}
	EndGlobalSection
EndGlobal
