
Microsoft Visual Studio Solution File, Format Version 12.00
# Visual Studio Version 16
VisualStudioVersion = 16.0.36107.64
MinimumVisualStudioVersion = 10.0.40219.1
Project("{FAE04EC0-301F-11D3-BF4B-00C04F79EFBC}") = "UsingDictionary", "UsingDictionary.csproj", "{216913AA-569C-4132-813D-A46BCF94CE9F}"
EndProject
Global
	GlobalSection(SolutionConfigurationPlatforms) = preSolution
		Debug|Any CPU = Debug|Any CPU
		Release|Any CPU = Release|Any CPU
	EndGlobalSection
	GlobalSection(ProjectConfigurationPlatforms) = postSolution
		{216913AA-569C-4132-813D-A46BCF94CE9F}.Debug|Any CPU.ActiveCfg = Debug|Any CPU
		{216913AA-569C-4132-813D-A46BCF94CE9F}.Debug|Any CPU.Build.0 = Debug|Any CPU
		{216913AA-569C-4132-813D-A46BCF94CE9F}.Release|Any CPU.ActiveCfg = Release|Any CPU
		{216913AA-569C-4132-813D-A46BCF94CE9F}.Release|Any CPU.Build.0 = Release|Any CPU
	EndGlobalSection
	GlobalSection(SolutionProperties) = preSolution
		HideSolutionNode = FALSE
	EndGlobalSection
	GlobalSection(ExtensibilityGlobals) = postSolution
		SolutionGuid = {39347A3E-7317-45C6-965C-52A3D1DAE01C}
	EndGlobalSection
EndGlobal
