
Microsoft Visual Studio Solution File, Format Version 12.00
# Visual Studio Version 16
VisualStudioVersion = 16.0.36107.64
MinimumVisualStudioVersion = 10.0.40219.1
Project("{FAE04EC0-301F-11D3-BF4B-00C04F79EFBC}") = "StatementLambda", "StatementLambda.csproj", "{75DB9F2B-99E8-4605-94DB-EAA37759EF21}"
EndProject
Global
	GlobalSection(SolutionConfigurationPlatforms) = preSolution
		Debug|Any CPU = Debug|Any CPU
		Release|Any CPU = Release|Any CPU
	EndGlobalSection
	GlobalSection(ProjectConfigurationPlatforms) = postSolution
		{75DB9F2B-99E8-4605-94DB-EAA37759EF21}.Debug|Any CPU.ActiveCfg = Debug|Any CPU
		{75DB9F2B-99E8-4605-94DB-EAA37759EF21}.Debug|Any CPU.Build.0 = Debug|Any CPU
		{75DB9F2B-99E8-4605-94DB-EAA37759EF21}.Release|Any CPU.ActiveCfg = Release|Any CPU
		{75DB9F2B-99E8-4605-94DB-EAA37759EF21}.Release|Any CPU.Build.0 = Release|Any CPU
	EndGlobalSection
	GlobalSection(SolutionProperties) = preSolution
		HideSolutionNode = FALSE
	EndGlobalSection
	GlobalSection(ExtensibilityGlobals) = postSolution
		SolutionGuid = {D4EE595F-EB85-4563-8888-802222A0CDD5}
	EndGlobalSection
EndGlobal
