
Microsoft Visual Studio Solution File, Format Version 12.00
# Visual Studio Version 16
VisualStudioVersion = 16.0.35931.194
MinimumVisualStudioVersion = 10.0.40219.1
Project("{FAE04EC0-301F-11D3-BF4B-00C04F79EFBC}") = "RectArea", "RectArea.csproj", "{995050F3-05D6-49B9-89DF-FBAF046CD0C3}"
EndProject
Global
	GlobalSection(SolutionConfigurationPlatforms) = preSolution
		Debug|Any CPU = Debug|Any CPU
		Release|Any CPU = Release|Any CPU
	EndGlobalSection
	GlobalSection(ProjectConfigurationPlatforms) = postSolution
		{995050F3-05D6-49B9-89DF-FBAF046CD0C3}.Debug|Any CPU.ActiveCfg = Debug|Any CPU
		{995050F3-05D6-49B9-89DF-FBAF046CD0C3}.Debug|Any CPU.Build.0 = Debug|Any CPU
		{995050F3-05D6-49B9-89DF-FBAF046CD0C3}.Release|Any CPU.ActiveCfg = Release|Any CPU
		{995050F3-05D6-49B9-89DF-FBAF046CD0C3}.Release|Any CPU.Build.0 = Release|Any CPU
	EndGlobalSection
	GlobalSection(SolutionProperties) = preSolution
		HideSolutionNode = FALSE
	EndGlobalSection
	GlobalSection(ExtensibilityGlobals) = postSolution
		SolutionGuid = {9E8A2A1B-1877-418C-B850-DDB777C86406}
	EndGlobalSection
EndGlobal
