
Microsoft Visual Studio Solution File, Format Version 12.00
# Visual Studio Version 16
VisualStudioVersion = 16.0.36128.20
MinimumVisualStudioVersion = 10.0.40219.1
Project("{FAE04EC0-301F-11D3-BF4B-00C04F79EFBC}") = "A_CheckedListBox", "A_CheckedListBox.csproj", "{9EEE0E24-0B2A-45F8-B90B-D298F8518958}"
EndProject
Global
	GlobalSection(SolutionConfigurationPlatforms) = preSolution
		Debug|Any CPU = Debug|Any CPU
		Release|Any CPU = Release|Any CPU
	EndGlobalSection
	GlobalSection(ProjectConfigurationPlatforms) = postSolution
		{9EEE0E24-0B2A-45F8-B90B-D298F8518958}.Debug|Any CPU.ActiveCfg = Debug|Any CPU
		{9EEE0E24-0B2A-45F8-B90B-D298F8518958}.Debug|Any CPU.Build.0 = Debug|Any CPU
		{9EEE0E24-0B2A-45F8-B90B-D298F8518958}.Release|Any CPU.ActiveCfg = Release|Any CPU
		{9EEE0E24-0B2A-45F8-B90B-D298F8518958}.Release|Any CPU.Build.0 = Release|Any CPU
	EndGlobalSection
	GlobalSection(SolutionProperties) = preSolution
		HideSolutionNode = FALSE
	EndGlobalSection
	GlobalSection(ExtensibilityGlobals) = postSolution
		SolutionGuid = {40629E11-D756-47AF-BE5C-5B023620C0F1}
	EndGlobalSection
EndGlobal
