
Microsoft Visual Studio Solution File, Format Version 12.00
# Visual Studio Version 16
VisualStudioVersion = 16.0.36128.20
MinimumVisualStudioVersion = 10.0.40219.1
Project("{FAE04EC0-301F-11D3-BF4B-00C04F79EFBC}") = "FileReceiver", "FileReceiver.csproj", "{1A74AEC7-BC66-4119-B463-9E1EB2064697}"
EndProject
Global
	GlobalSection(SolutionConfigurationPlatforms) = preSolution
		Debug|Any CPU = Debug|Any CPU
		Release|Any CPU = Release|Any CPU
	EndGlobalSection
	GlobalSection(ProjectConfigurationPlatforms) = postSolution
		{1A74AEC7-BC66-4119-B463-9E1EB2064697}.Debug|Any CPU.ActiveCfg = Debug|Any CPU
		{1A74AEC7-BC66-4119-B463-9E1EB2064697}.Debug|Any CPU.Build.0 = Debug|Any CPU
		{1A74AEC7-BC66-4119-B463-9E1EB2064697}.Release|Any CPU.ActiveCfg = Release|Any CPU
		{1A74AEC7-BC66-4119-B463-9E1EB2064697}.Release|Any CPU.Build.0 = Release|Any CPU
	EndGlobalSection
	GlobalSection(SolutionProperties) = preSolution
		HideSolutionNode = FALSE
	EndGlobalSection
	GlobalSection(ExtensibilityGlobals) = postSolution
		SolutionGuid = {37DE1D4F-D26E-4C6A-A42F-D5FA4D1D88F5}
	EndGlobalSection
EndGlobal
