
Microsoft Visual Studio Solution File, Format Version 12.00
# Visual Studio Version 16
VisualStudioVersion = 16.0.36128.20
MinimumVisualStudioVersion = 10.0.40219.1
Project("{FAE04EC0-301F-11D3-BF4B-00C04F79EFBC}") = "FormBackground", "FormBackground.csproj", "{79926078-A81C-4475-B8FC-824A548DFFFD}"
EndProject
Global
	GlobalSection(SolutionConfigurationPlatforms) = preSolution
		Debug|Any CPU = Debug|Any CPU
		Release|Any CPU = Release|Any CPU
	EndGlobalSection
	GlobalSection(ProjectConfigurationPlatforms) = postSolution
		{79926078-A81C-4475-B8FC-824A548DFFFD}.Debug|Any CPU.ActiveCfg = Debug|Any CPU
		{79926078-A81C-4475-B8FC-824A548DFFFD}.Debug|Any CPU.Build.0 = Debug|Any CPU
		{79926078-A81C-4475-B8FC-824A548DFFFD}.Release|Any CPU.ActiveCfg = Release|Any CPU
		{79926078-A81C-4475-B8FC-824A548DFFFD}.Release|Any CPU.Build.0 = Release|Any CPU
	EndGlobalSection
	GlobalSection(SolutionProperties) = preSolution
		HideSolutionNode = FALSE
	EndGlobalSection
	GlobalSection(ExtensibilityGlobals) = postSolution
		SolutionGuid = {780E51A9-6962-4D08-ACE1-98210B208393}
	EndGlobalSection
EndGlobal
