
Microsoft Visual Studio Solution File, Format Version 12.00
# Visual Studio Version 16
VisualStudioVersion = 16.0.36128.20
MinimumVisualStudioVersion = 10.0.40219.1
Project("{FAE04EC0-301F-11D3-BF4B-00C04F79EFBC}") = "FormSize", "FormSize.csproj", "{37F8D2E0-3A0B-4072-BE41-303D1B51BCD5}"
EndProject
Global
	GlobalSection(SolutionConfigurationPlatforms) = preSolution
		Debug|Any CPU = Debug|Any CPU
		Release|Any CPU = Release|Any CPU
	EndGlobalSection
	GlobalSection(ProjectConfigurationPlatforms) = postSolution
		{37F8D2E0-3A0B-4072-BE41-303D1B51BCD5}.Debug|Any CPU.ActiveCfg = Debug|Any CPU
		{37F8D2E0-3A0B-4072-BE41-303D1B51BCD5}.Debug|Any CPU.Build.0 = Debug|Any CPU
		{37F8D2E0-3A0B-4072-BE41-303D1B51BCD5}.Release|Any CPU.ActiveCfg = Release|Any CPU
		{37F8D2E0-3A0B-4072-BE41-303D1B51BCD5}.Release|Any CPU.Build.0 = Release|Any CPU
	EndGlobalSection
	GlobalSection(SolutionProperties) = preSolution
		HideSolutionNode = FALSE
	EndGlobalSection
	GlobalSection(ExtensibilityGlobals) = postSolution
		SolutionGuid = {4E387113-D6A6-44AD-BA88-2007DE4268AA}
	EndGlobalSection
EndGlobal
