
Microsoft Visual Studio Solution File, Format Version 12.00
# Visual Studio Version 16
VisualStudioVersion = 16.0.35931.194
MinimumVisualStudioVersion = 10.0.40219.1
Project("{FAE04EC0-301F-11D3-BF4B-00C04F79EFBC}") = "Rhombus", "Rhombus.csproj", "{78701C8E-9DE1-40FA-864A-3F6DC92C33EF}"
EndProject
Global
	GlobalSection(SolutionConfigurationPlatforms) = preSolution
		Debug|Any CPU = Debug|Any CPU
		Release|Any CPU = Release|Any CPU
	EndGlobalSection
	GlobalSection(ProjectConfigurationPlatforms) = postSolution
		{78701C8E-9DE1-40FA-864A-3F6DC92C33EF}.Debug|Any CPU.ActiveCfg = Debug|Any CPU
		{78701C8E-9DE1-40FA-864A-3F6DC92C33EF}.Debug|Any CPU.Build.0 = Debug|Any CPU
		{78701C8E-9DE1-40FA-864A-3F6DC92C33EF}.Release|Any CPU.ActiveCfg = Release|Any CPU
		{78701C8E-9DE1-40FA-864A-3F6DC92C33EF}.Release|Any CPU.Build.0 = Release|Any CPU
	EndGlobalSection
	GlobalSection(SolutionProperties) = preSolution
		HideSolutionNode = FALSE
	EndGlobalSection
	GlobalSection(ExtensibilityGlobals) = postSolution
		SolutionGuid = {2608BE83-8176-4256-A1FD-EEB4148FF17A}
	EndGlobalSection
EndGlobal
