
Microsoft Visual Studio Solution File, Format Version 12.00
# Visual Studio Version 16
VisualStudioVersion = 16.0.35931.194
MinimumVisualStudioVersion = 10.0.40219.1
Project("{FAE04EC0-301F-11D3-BF4B-00C04F79EFBC}") = "MethodHiding", "MethodHiding.csproj", "{9061E948-8747-4544-8C16-E2F3FA0C7468}"
EndProject
Global
	GlobalSection(SolutionConfigurationPlatforms) = preSolution
		Debug|Any CPU = Debug|Any CPU
		Release|Any CPU = Release|Any CPU
	EndGlobalSection
	GlobalSection(ProjectConfigurationPlatforms) = postSolution
		{9061E948-8747-4544-8C16-E2F3FA0C7468}.Debug|Any CPU.ActiveCfg = Debug|Any CPU
		{9061E948-8747-4544-8C16-E2F3FA0C7468}.Debug|Any CPU.Build.0 = Debug|Any CPU
		{9061E948-8747-4544-8C16-E2F3FA0C7468}.Release|Any CPU.ActiveCfg = Release|Any CPU
		{9061E948-8747-4544-8C16-E2F3FA0C7468}.Release|Any CPU.Build.0 = Release|Any CPU
	EndGlobalSection
	GlobalSection(SolutionProperties) = preSolution
		HideSolutionNode = FALSE
	EndGlobalSection
	GlobalSection(ExtensibilityGlobals) = postSolution
		SolutionGuid = {0FF9AABE-D9EB-4C77-893B-94E88468C431}
	EndGlobalSection
EndGlobal
