
Microsoft Visual Studio Solution File, Format Version 12.00
# Visual Studio Version 16
VisualStudioVersion = 16.0.36107.64
MinimumVisualStudioVersion = 10.0.40219.1
Project("{FAE04EC0-301F-11D3-BF4B-00C04F79EFBC}") = "UsingGenericStack", "UsingGenericStack.csproj", "{C3571549-992C-4350-B72A-FA8D5BB491AA}"
EndProject
Global
	GlobalSection(SolutionConfigurationPlatforms) = preSolution
		Debug|Any CPU = Debug|Any CPU
		Release|Any CPU = Release|Any CPU
	EndGlobalSection
	GlobalSection(ProjectConfigurationPlatforms) = postSolution
		{C3571549-992C-4350-B72A-FA8D5BB491AA}.Debug|Any CPU.ActiveCfg = Debug|Any CPU
		{C3571549-992C-4350-B72A-FA8D5BB491AA}.Debug|Any CPU.Build.0 = Debug|Any CPU
		{C3571549-992C-4350-B72A-FA8D5BB491AA}.Release|Any CPU.ActiveCfg = Release|Any CPU
		{C3571549-992C-4350-B72A-FA8D5BB491AA}.Release|Any CPU.Build.0 = Release|Any CPU
	EndGlobalSection
	GlobalSection(SolutionProperties) = preSolution
		HideSolutionNode = FALSE
	EndGlobalSection
	GlobalSection(ExtensibilityGlobals) = postSolution
		SolutionGuid = {E39DDCD6-BE65-4C45-91DA-69DA8E3495DC}
	EndGlobalSection
EndGlobal
