
Microsoft Visual Studio Solution File, Format Version 12.00
# Visual Studio Version 16
VisualStudioVersion = 16.0.36128.20
MinimumVisualStudioVersion = 10.0.40219.1
Project("{FAE04EC0-301F-11D3-BF4B-00C04F79EFBC}") = "EchoServer", "EchoServer.csproj", "{F3F5904D-13A2-4620-A592-3BAFD4415153}"
EndProject
Global
	GlobalSection(SolutionConfigurationPlatforms) = preSolution
		Debug|Any CPU = Debug|Any CPU
		Release|Any CPU = Release|Any CPU
	EndGlobalSection
	GlobalSection(ProjectConfigurationPlatforms) = postSolution
		{F3F5904D-13A2-4620-A592-3BAFD4415153}.Debug|Any CPU.ActiveCfg = Debug|Any CPU
		{F3F5904D-13A2-4620-A592-3BAFD4415153}.Debug|Any CPU.Build.0 = Debug|Any CPU
		{F3F5904D-13A2-4620-A592-3BAFD4415153}.Release|Any CPU.ActiveCfg = Release|Any CPU
		{F3F5904D-13A2-4620-A592-3BAFD4415153}.Release|Any CPU.Build.0 = Release|Any CPU
	EndGlobalSection
	GlobalSection(SolutionProperties) = preSolution
		HideSolutionNode = FALSE
	EndGlobalSection
	GlobalSection(ExtensibilityGlobals) = postSolution
		SolutionGuid = {A352ABC6-ACEC-482B-B88F-01A3C2DCB087}
	EndGlobalSection
EndGlobal
