
Microsoft Visual Studio Solution File, Format Version 12.00
# Visual Studio Version 16
VisualStudioVersion = 16.0.36128.20
MinimumVisualStudioVersion = 10.0.40219.1
Project("{FAE04EC0-301F-11D3-BF4B-00C04F79EFBC}") = "UsingControls", "UsingControls.csproj", "{CD40B0E9-CB75-458D-9BB4-44C85BD0E3E1}"
EndProject
Global
	GlobalSection(SolutionConfigurationPlatforms) = preSolution
		Debug|Any CPU = Debug|Any CPU
		Release|Any CPU = Release|Any CPU
	EndGlobalSection
	GlobalSection(ProjectConfigurationPlatforms) = postSolution
		{CD40B0E9-CB75-458D-9BB4-44C85BD0E3E1}.Debug|Any CPU.ActiveCfg = Debug|Any CPU
		{CD40B0E9-CB75-458D-9BB4-44C85BD0E3E1}.Debug|Any CPU.Build.0 = Debug|Any CPU
		{CD40B0E9-CB75-458D-9BB4-44C85BD0E3E1}.Release|Any CPU.ActiveCfg = Release|Any CPU
		{CD40B0E9-CB75-458D-9BB4-44C85BD0E3E1}.Release|Any CPU.Build.0 = Release|Any CPU
	EndGlobalSection
	GlobalSection(SolutionProperties) = preSolution
		HideSolutionNode = FALSE
	EndGlobalSection
	GlobalSection(ExtensibilityGlobals) = postSolution
		SolutionGuid = {97ED5689-ED8F-423E-984F-CF47E52A30D8}
	EndGlobalSection
EndGlobal
