
Microsoft Visual Studio Solution File, Format Version 12.00
# Visual Studio Version 16
VisualStudioVersion = 16.0.36128.20
MinimumVisualStudioVersion = 10.0.40219.1
Project("{FAE04EC0-301F-11D3-BF4B-00C04F79EFBC}") = "RandomSplash", "RandomSplash.csproj", "{561A2E02-3DC6-4D05-AEF6-B9E2E6A5492E}"
EndProject
Global
	GlobalSection(SolutionConfigurationPlatforms) = preSolution
		Debug|Any CPU = Debug|Any CPU
		Release|Any CPU = Release|Any CPU
	EndGlobalSection
	GlobalSection(ProjectConfigurationPlatforms) = postSolution
		{561A2E02-3DC6-4D05-AEF6-B9E2E6A5492E}.Debug|Any CPU.ActiveCfg = Debug|Any CPU
		{561A2E02-3DC6-4D05-AEF6-B9E2E6A5492E}.Debug|Any CPU.Build.0 = Debug|Any CPU
		{561A2E02-3DC6-4D05-AEF6-B9E2E6A5492E}.Release|Any CPU.ActiveCfg = Release|Any CPU
		{561A2E02-3DC6-4D05-AEF6-B9E2E6A5492E}.Release|Any CPU.Build.0 = Release|Any CPU
	EndGlobalSection
	GlobalSection(SolutionProperties) = preSolution
		HideSolutionNode = FALSE
	EndGlobalSection
	GlobalSection(ExtensibilityGlobals) = postSolution
		SolutionGuid = {578F22D1-94B0-462D-9D3C-294BA2082451}
	EndGlobalSection
EndGlobal
