
Microsoft Visual Studio Solution File, Format Version 12.00
# Visual Studio Version 16
VisualStudioVersion = 16.0.35931.194
MinimumVisualStudioVersion = 10.0.40219.1
Project("{FAE04EC0-301F-11D3-BF4B-00C04F79EFBC}") = "RefReturn", "RefReturn.csproj", "{D94CCD3F-E198-4C93-B6AD-431D8CD4DE75}"
EndProject
Global
	GlobalSection(SolutionConfigurationPlatforms) = preSolution
		Debug|Any CPU = Debug|Any CPU
		Release|Any CPU = Release|Any CPU
	EndGlobalSection
	GlobalSection(ProjectConfigurationPlatforms) = postSolution
		{D94CCD3F-E198-4C93-B6AD-431D8CD4DE75}.Debug|Any CPU.ActiveCfg = Debug|Any CPU
		{D94CCD3F-E198-4C93-B6AD-431D8CD4DE75}.Debug|Any CPU.Build.0 = Debug|Any CPU
		{D94CCD3F-E198-4C93-B6AD-431D8CD4DE75}.Release|Any CPU.ActiveCfg = Release|Any CPU
		{D94CCD3F-E198-4C93-B6AD-431D8CD4DE75}.Release|Any CPU.Build.0 = Release|Any CPU
	EndGlobalSection
	GlobalSection(SolutionProperties) = preSolution
		HideSolutionNode = FALSE
	EndGlobalSection
	GlobalSection(ExtensibilityGlobals) = postSolution
		SolutionGuid = {08C2785A-2EE3-40C9-9FC0-80A77078E453}
	EndGlobalSection
EndGlobal
