
Microsoft Visual Studio Solution File, Format Version 12.00
# Visual Studio Version 16
VisualStudioVersion = 16.0.36128.20
MinimumVisualStudioVersion = 10.0.40219.1
Project("{FAE04EC0-301F-11D3-BF4B-00C04F79EFBC}") = "A_ListView", "A_ListView.csproj", "{EBC633B3-C15A-4BB0-8792-C842D5D44EE1}"
EndProject
Global
	GlobalSection(SolutionConfigurationPlatforms) = preSolution
		Debug|Any CPU = Debug|Any CPU
		Release|Any CPU = Release|Any CPU
	EndGlobalSection
	GlobalSection(ProjectConfigurationPlatforms) = postSolution
		{EBC633B3-C15A-4BB0-8792-C842D5D44EE1}.Debug|Any CPU.ActiveCfg = Debug|Any CPU
		{EBC633B3-C15A-4BB0-8792-C842D5D44EE1}.Debug|Any CPU.Build.0 = Debug|Any CPU
		{EBC633B3-C15A-4BB0-8792-C842D5D44EE1}.Release|Any CPU.ActiveCfg = Release|Any CPU
		{EBC633B3-C15A-4BB0-8792-C842D5D44EE1}.Release|Any CPU.Build.0 = Release|Any CPU
	EndGlobalSection
	GlobalSection(SolutionProperties) = preSolution
		HideSolutionNode = FALSE
	EndGlobalSection
	GlobalSection(ExtensibilityGlobals) = postSolution
		SolutionGuid = {38FD89B4-BB5E-4B4F-B666-766D35727770}
	EndGlobalSection
EndGlobal
