
Microsoft Visual Studio Solution File, Format Version 12.00
# Visual Studio Version 16
VisualStudioVersion = 16.0.36107.64
MinimumVisualStudioVersion = 10.0.40219.1
Project("{FAE04EC0-301F-11D3-BF4B-00C04F79EFBC}") = "CallerInfo", "CallerInfo.csproj", "{91554D5E-4B64-45F1-A8FB-0A25041D22B6}"
EndProject
Global
	GlobalSection(SolutionConfigurationPlatforms) = preSolution
		Debug|Any CPU = Debug|Any CPU
		Release|Any CPU = Release|Any CPU
	EndGlobalSection
	GlobalSection(ProjectConfigurationPlatforms) = postSolution
		{91554D5E-4B64-45F1-A8FB-0A25041D22B6}.Debug|Any CPU.ActiveCfg = Debug|Any CPU
		{91554D5E-4B64-45F1-A8FB-0A25041D22B6}.Debug|Any CPU.Build.0 = Debug|Any CPU
		{91554D5E-4B64-45F1-A8FB-0A25041D22B6}.Release|Any CPU.ActiveCfg = Release|Any CPU
		{91554D5E-4B64-45F1-A8FB-0A25041D22B6}.Release|Any CPU.Build.0 = Release|Any CPU
	EndGlobalSection
	GlobalSection(SolutionProperties) = preSolution
		HideSolutionNode = FALSE
	EndGlobalSection
	GlobalSection(ExtensibilityGlobals) = postSolution
		SolutionGuid = {5240A587-D2F5-4190-A96E-2C412C31CBFD}
	EndGlobalSection
EndGlobal
