
Microsoft Visual Studio Solution File, Format Version 12.00
# Visual Studio Version 16
VisualStudioVersion = 16.0.36128.20
MinimumVisualStudioVersion = 10.0.40219.1
Project("{FAE04EC0-301F-11D3-BF4B-00C04F79EFBC}") = "A_GradeCalc", "A_GradeCalc.csproj", "{5CDC78EB-8B8D-4F15-918E-5C2E4019B6BC}"
EndProject
Global
	GlobalSection(SolutionConfigurationPlatforms) = preSolution
		Debug|Any CPU = Debug|Any CPU
		Release|Any CPU = Release|Any CPU
	EndGlobalSection
	GlobalSection(ProjectConfigurationPlatforms) = postSolution
		{5CDC78EB-8B8D-4F15-918E-5C2E4019B6BC}.Debug|Any CPU.ActiveCfg = Debug|Any CPU
		{5CDC78EB-8B8D-4F15-918E-5C2E4019B6BC}.Debug|Any CPU.Build.0 = Debug|Any CPU
		{5CDC78EB-8B8D-4F15-918E-5C2E4019B6BC}.Release|Any CPU.ActiveCfg = Release|Any CPU
		{5CDC78EB-8B8D-4F15-918E-5C2E4019B6BC}.Release|Any CPU.Build.0 = Release|Any CPU
	EndGlobalSection
	GlobalSection(SolutionProperties) = preSolution
		HideSolutionNode = FALSE
	EndGlobalSection
	GlobalSection(ExtensibilityGlobals) = postSolution
		SolutionGuid = {DBC1459C-4D08-47DD-9DA8-D56C8892562A}
	EndGlobalSection
EndGlobal
