
Microsoft Visual Studio Solution File, Format Version 12.00
# Visual Studio Version 16
VisualStudioVersion = 16.0.36128.20
MinimumVisualStudioVersion = 10.0.40219.1
Project("{FAE04EC0-301F-11D3-BF4B-00C04F79EFBC}") = "SimpleWindow", "SimpleWindow.csproj", "{B22BDA5A-496D-44CA-B06A-4FFF803F4749}"
EndProject
Global
	GlobalSection(SolutionConfigurationPlatforms) = preSolution
		Debug|Any CPU = Debug|Any CPU
		Release|Any CPU = Release|Any CPU
	EndGlobalSection
	GlobalSection(ProjectConfigurationPlatforms) = postSolution
		{B22BDA5A-496D-44CA-B06A-4FFF803F4749}.Debug|Any CPU.ActiveCfg = Debug|Any CPU
		{B22BDA5A-496D-44CA-B06A-4FFF803F4749}.Debug|Any CPU.Build.0 = Debug|Any CPU
		{B22BDA5A-496D-44CA-B06A-4FFF803F4749}.Release|Any CPU.ActiveCfg = Release|Any CPU
		{B22BDA5A-496D-44CA-B06A-4FFF803F4749}.Release|Any CPU.Build.0 = Release|Any CPU
	EndGlobalSection
	GlobalSection(SolutionProperties) = preSolution
		HideSolutionNode = FALSE
	EndGlobalSection
	GlobalSection(ExtensibilityGlobals) = postSolution
		SolutionGuid = {121B6B8A-6BB1-4CDA-BAA1-71434AA7B7FC}
	EndGlobalSection
EndGlobal
