
Microsoft Visual Studio Solution File, Format Version 12.00
# Visual Studio Version 16
VisualStudioVersion = 16.0.35931.194
MinimumVisualStudioVersion = 10.0.40219.1
Project("{FAE04EC0-301F-11D3-BF4B-00C04F79EFBC}") = "Car", "Car.csproj", "{981221E0-EA4A-4C7B-B362-33496ED31EB0}"
EndProject
Global
	GlobalSection(SolutionConfigurationPlatforms) = preSolution
		Debug|Any CPU = Debug|Any CPU
		Release|Any CPU = Release|Any CPU
	EndGlobalSection
	GlobalSection(ProjectConfigurationPlatforms) = postSolution
		{981221E0-EA4A-4C7B-B362-33496ED31EB0}.Debug|Any CPU.ActiveCfg = Debug|Any CPU
		{981221E0-EA4A-4C7B-B362-33496ED31EB0}.Debug|Any CPU.Build.0 = Debug|Any CPU
		{981221E0-EA4A-4C7B-B362-33496ED31EB0}.Release|Any CPU.ActiveCfg = Release|Any CPU
		{981221E0-EA4A-4C7B-B362-33496ED31EB0}.Release|Any CPU.Build.0 = Release|Any CPU
	EndGlobalSection
	GlobalSection(SolutionProperties) = preSolution
		HideSolutionNode = FALSE
	EndGlobalSection
	GlobalSection(ExtensibilityGlobals) = postSolution
		SolutionGuid = {69B128C9-5A28-4C43-938F-EC33E7F88F39}
	EndGlobalSection
EndGlobal
