
Microsoft Visual Studio Solution File, Format Version 12.00
# Visual Studio Version 16
VisualStudioVersion = 16.0.36107.64
MinimumVisualStudioVersion = 10.0.40219.1
Project("{FAE04EC0-301F-11D3-BF4B-00C04F79EFBC}") = "BinaryFile", "BinaryFile.csproj", "{626665EE-64CF-4089-9A32-1C433E98FC3B}"
EndProject
Global
	GlobalSection(SolutionConfigurationPlatforms) = preSolution
		Debug|Any CPU = Debug|Any CPU
		Release|Any CPU = Release|Any CPU
	EndGlobalSection
	GlobalSection(ProjectConfigurationPlatforms) = postSolution
		{626665EE-64CF-4089-9A32-1C433E98FC3B}.Debug|Any CPU.ActiveCfg = Debug|Any CPU
		{626665EE-64CF-4089-9A32-1C433E98FC3B}.Debug|Any CPU.Build.0 = Debug|Any CPU
		{626665EE-64CF-4089-9A32-1C433E98FC3B}.Release|Any CPU.ActiveCfg = Release|Any CPU
		{626665EE-64CF-4089-9A32-1C433E98FC3B}.Release|Any CPU.Build.0 = Release|Any CPU
	EndGlobalSection
	GlobalSection(SolutionProperties) = preSolution
		HideSolutionNode = FALSE
	EndGlobalSection
	GlobalSection(ExtensibilityGlobals) = postSolution
		SolutionGuid = {DE39276C-331C-4750-BDF5-C7E53F2A578C}
	EndGlobalSection
EndGlobal
