
Microsoft Visual Studio Solution File, Format Version 12.00
# Visual Studio Version 16
VisualStudioVersion = 16.0.36107.64
MinimumVisualStudioVersion = 10.0.40219.1
Project("{FAE04EC0-301F-11D3-BF4B-00C04F79EFBC}") = "BasicThread", "BasicThread.csproj", "{F3047F8B-706A-4ADA-86F7-D536629251C6}"
EndProject
Global
	GlobalSection(SolutionConfigurationPlatforms) = preSolution
		Debug|Any CPU = Debug|Any CPU
		Release|Any CPU = Release|Any CPU
	EndGlobalSection
	GlobalSection(ProjectConfigurationPlatforms) = postSolution
		{F3047F8B-706A-4ADA-86F7-D536629251C6}.Debug|Any CPU.ActiveCfg = Debug|Any CPU
		{F3047F8B-706A-4ADA-86F7-D536629251C6}.Debug|Any CPU.Build.0 = Debug|Any CPU
		{F3047F8B-706A-4ADA-86F7-D536629251C6}.Release|Any CPU.ActiveCfg = Release|Any CPU
		{F3047F8B-706A-4ADA-86F7-D536629251C6}.Release|Any CPU.Build.0 = Release|Any CPU
	EndGlobalSection
	GlobalSection(SolutionProperties) = preSolution
		HideSolutionNode = FALSE
	EndGlobalSection
	GlobalSection(ExtensibilityGlobals) = postSolution
		SolutionGuid = {84ECDFD9-0626-447F-9B9A-45620F86C2CF}
	EndGlobalSection
EndGlobal
