
Microsoft Visual Studio Solution File, Format Version 12.00
# Visual Studio Version 16
VisualStudioVersion = 16.0.36107.64
MinimumVisualStudioVersion = 10.0.40219.1
Project("{FAE04EC0-301F-11D3-BF4B-00C04F79EFBC}") = "2DArray", "2DArray.csproj", "{ACB3B9DD-C136-4C9B-88F7-C0A36EC03308}"
EndProject
Global
	GlobalSection(SolutionConfigurationPlatforms) = preSolution
		Debug|Any CPU = Debug|Any CPU
		Release|Any CPU = Release|Any CPU
	EndGlobalSection
	GlobalSection(ProjectConfigurationPlatforms) = postSolution
		{ACB3B9DD-C136-4C9B-88F7-C0A36EC03308}.Debug|Any CPU.ActiveCfg = Debug|Any CPU
		{ACB3B9DD-C136-4C9B-88F7-C0A36EC03308}.Debug|Any CPU.Build.0 = Debug|Any CPU
		{ACB3B9DD-C136-4C9B-88F7-C0A36EC03308}.Release|Any CPU.ActiveCfg = Release|Any CPU
		{ACB3B9DD-C136-4C9B-88F7-C0A36EC03308}.Release|Any CPU.Build.0 = Release|Any CPU
	EndGlobalSection
	GlobalSection(SolutionProperties) = preSolution
		HideSolutionNode = FALSE
	EndGlobalSection
	GlobalSection(ExtensibilityGlobals) = postSolution
		SolutionGuid = {8EB8D6A7-DF89-4025-A197-C731D68E2ECF}
	EndGlobalSection
EndGlobal
