
Microsoft Visual Studio Solution File, Format Version 12.00
# Visual Studio Version 16
VisualStudioVersion = 16.0.35931.194
MinimumVisualStudioVersion = 10.0.40219.1
Project("{FAE04EC0-301F-11D3-BF4B-00C04F79EFBC}") = "Constructor", "Constructor.csproj", "{60A364EF-F982-431F-8DEC-6F3842844253}"
EndProject
Global
	GlobalSection(SolutionConfigurationPlatforms) = preSolution
		Debug|Any CPU = Debug|Any CPU
		Release|Any CPU = Release|Any CPU
	EndGlobalSection
	GlobalSection(ProjectConfigurationPlatforms) = postSolution
		{60A364EF-F982-431F-8DEC-6F3842844253}.Debug|Any CPU.ActiveCfg = Debug|Any CPU
		{60A364EF-F982-431F-8DEC-6F3842844253}.Debug|Any CPU.Build.0 = Debug|Any CPU
		{60A364EF-F982-431F-8DEC-6F3842844253}.Release|Any CPU.ActiveCfg = Release|Any CPU
		{60A364EF-F982-431F-8DEC-6F3842844253}.Release|Any CPU.Build.0 = Release|Any CPU
	EndGlobalSection
	GlobalSection(SolutionProperties) = preSolution
		HideSolutionNode = FALSE
	EndGlobalSection
	GlobalSection(ExtensibilityGlobals) = postSolution
		SolutionGuid = {4CFFB02D-E96C-412E-8149-4054EAF23BF7}
	EndGlobalSection
EndGlobal
