
Microsoft Visual Studio Solution File, Format Version 12.00
# Visual Studio Version 16
VisualStudioVersion = 16.0.36128.20
MinimumVisualStudioVersion = 10.0.40219.1
Project("{FAE04EC0-301F-11D3-BF4B-00C04F79EFBC}") = "FUP", "FUP.csproj", "{B3B084C3-A52E-4C4D-9355-1FC720427711}"
EndProject
Global
	GlobalSection(SolutionConfigurationPlatforms) = preSolution
		Debug|Any CPU = Debug|Any CPU
		Release|Any CPU = Release|Any CPU
	EndGlobalSection
	GlobalSection(ProjectConfigurationPlatforms) = postSolution
		{B3B084C3-A52E-4C4D-9355-1FC720427711}.Debug|Any CPU.ActiveCfg = Debug|Any CPU
		{B3B084C3-A52E-4C4D-9355-1FC720427711}.Debug|Any CPU.Build.0 = Debug|Any CPU
		{B3B084C3-A52E-4C4D-9355-1FC720427711}.Release|Any CPU.ActiveCfg = Release|Any CPU
		{B3B084C3-A52E-4C4D-9355-1FC720427711}.Release|Any CPU.Build.0 = Release|Any CPU
	EndGlobalSection
	GlobalSection(SolutionProperties) = preSolution
		HideSolutionNode = FALSE
	EndGlobalSection
	GlobalSection(ExtensibilityGlobals) = postSolution
		SolutionGuid = {9319685C-E8EA-4B3D-95FA-3E726D18F590}
	EndGlobalSection
EndGlobal
