
Microsoft Visual Studio Solution File, Format Version 12.00
# Visual Studio Version 16
VisualStudioVersion = 16.0.36107.64
MinimumVisualStudioVersion = 10.0.40219.1
Project("{FAE04EC0-301F-11D3-BF4B-00C04F79EFBC}") = "Generic", "Generic.csproj", "{581091F8-89DF-42FD-A9BA-E01DAFE334C8}"
EndProject
Global
	GlobalSection(SolutionConfigurationPlatforms) = preSolution
		Debug|Any CPU = Debug|Any CPU
		Release|Any CPU = Release|Any CPU
	EndGlobalSection
	GlobalSection(ProjectConfigurationPlatforms) = postSolution
		{581091F8-89DF-42FD-A9BA-E01DAFE334C8}.Debug|Any CPU.ActiveCfg = Debug|Any CPU
		{581091F8-89DF-42FD-A9BA-E01DAFE334C8}.Debug|Any CPU.Build.0 = Debug|Any CPU
		{581091F8-89DF-42FD-A9BA-E01DAFE334C8}.Release|Any CPU.ActiveCfg = Release|Any CPU
		{581091F8-89DF-42FD-A9BA-E01DAFE334C8}.Release|Any CPU.Build.0 = Release|Any CPU
	EndGlobalSection
	GlobalSection(SolutionProperties) = preSolution
		HideSolutionNode = FALSE
	EndGlobalSection
	GlobalSection(ExtensibilityGlobals) = postSolution
		SolutionGuid = {88F1EACF-611C-43A2-8F58-7AAEC4E6819C}
	EndGlobalSection
EndGlobal
