
Microsoft Visual Studio Solution File, Format Version 12.00
# Visual Studio Version 16
VisualStudioVersion = 16.0.35931.194
MinimumVisualStudioVersion = 10.0.40219.1
Project("{FAE04EC0-301F-11D3-BF4B-00C04F79EFBC}") = "IntegralConversion", "IntegralConversion.csproj", "{4CB3FE88-03D6-4236-8A5F-34EAF48D9FF5}"
EndProject
Global
	GlobalSection(SolutionConfigurationPlatforms) = preSolution
		Debug|Any CPU = Debug|Any CPU
		Release|Any CPU = Release|Any CPU
	EndGlobalSection
	GlobalSection(ProjectConfigurationPlatforms) = postSolution
		{4CB3FE88-03D6-4236-8A5F-34EAF48D9FF5}.Debug|Any CPU.ActiveCfg = Debug|Any CPU
		{4CB3FE88-03D6-4236-8A5F-34EAF48D9FF5}.Debug|Any CPU.Build.0 = Debug|Any CPU
		{4CB3FE88-03D6-4236-8A5F-34EAF48D9FF5}.Release|Any CPU.ActiveCfg = Release|Any CPU
		{4CB3FE88-03D6-4236-8A5F-34EAF48D9FF5}.Release|Any CPU.Build.0 = Release|Any CPU
	EndGlobalSection
	GlobalSection(SolutionProperties) = preSolution
		HideSolutionNode = FALSE
	EndGlobalSection
	GlobalSection(ExtensibilityGlobals) = postSolution
		SolutionGuid = {52FF8DE6-8BCA-4562-8EA4-964AE10F68E4}
	EndGlobalSection
EndGlobal
