
Microsoft Visual Studio Solution File, Format Version 12.00
# Visual Studio Version 16
VisualStudioVersion = 16.0.36128.20
MinimumVisualStudioVersion = 10.0.40219.1
Project("{FAE04EC0-301F-11D3-BF4B-00C04F79EFBC}") = "SnakeBite", "SnakeBite.csproj", "{B239F5FA-D496-47AD-99D7-4F0780504E4A}"
EndProject
Global
	GlobalSection(SolutionConfigurationPlatforms) = preSolution
		Debug|Any CPU = Debug|Any CPU
		Release|Any CPU = Release|Any CPU
	EndGlobalSection
	GlobalSection(ProjectConfigurationPlatforms) = postSolution
		{B239F5FA-D496-47AD-99D7-4F0780504E4A}.Debug|Any CPU.ActiveCfg = Debug|Any CPU
		{B239F5FA-D496-47AD-99D7-4F0780504E4A}.Debug|Any CPU.Build.0 = Debug|Any CPU
		{B239F5FA-D496-47AD-99D7-4F0780504E4A}.Release|Any CPU.ActiveCfg = Release|Any CPU
		{B239F5FA-D496-47AD-99D7-4F0780504E4A}.Release|Any CPU.Build.0 = Release|Any CPU
	EndGlobalSection
	GlobalSection(SolutionProperties) = preSolution
		HideSolutionNode = FALSE
	EndGlobalSection
	GlobalSection(ExtensibilityGlobals) = postSolution
		SolutionGuid = {1A7A2EC7-E593-4A3E-ADFC-D25413F82426}
	EndGlobalSection
EndGlobal
