
Microsoft Visual Studio Solution File, Format Version 12.00
# Visual Studio Version 16
VisualStudioVersion = 16.0.36128.20
MinimumVisualStudioVersion = 10.0.40219.1
Project("{FAE04EC0-301F-11D3-BF4B-00C04F79EFBC}") = "A_TrackBarNProgressBar", "A_TrackBarNProgressBar.csproj", "{349B8603-E99C-424E-9AB0-6F5450EF751D}"
EndProject
Global
	GlobalSection(SolutionConfigurationPlatforms) = preSolution
		Debug|Any CPU = Debug|Any CPU
		Release|Any CPU = Release|Any CPU
	EndGlobalSection
	GlobalSection(ProjectConfigurationPlatforms) = postSolution
		{349B8603-E99C-424E-9AB0-6F5450EF751D}.Debug|Any CPU.ActiveCfg = Debug|Any CPU
		{349B8603-E99C-424E-9AB0-6F5450EF751D}.Debug|Any CPU.Build.0 = Debug|Any CPU
		{349B8603-E99C-424E-9AB0-6F5450EF751D}.Release|Any CPU.ActiveCfg = Release|Any CPU
		{349B8603-E99C-424E-9AB0-6F5450EF751D}.Release|Any CPU.Build.0 = Release|Any CPU
	EndGlobalSection
	GlobalSection(SolutionProperties) = preSolution
		HideSolutionNode = FALSE
	EndGlobalSection
	GlobalSection(ExtensibilityGlobals) = postSolution
		SolutionGuid = {3E6D828E-367C-43C6-BABA-B3227FC02499}
	EndGlobalSection
EndGlobal
